// !$*UTF8*$!
{
	archiveVersion = 1;
	classes = {
	};
	objectVersion = 46;
	objects = {

/* Begin PBXBuildFile section */
		285CE1031A775C64006D2518 /* CarPoolR.gif in Resources */ = {isa = PBXBuildFile; fileRef = 285CE1021A775C64006D2518 /* CarPoolR.gif */; };
		28FEC3DE1A774CB100D9CC42 /* AppDelegate.swift in Sources */ = {isa = PBXBuildFile; fileRef = 28FEC3DD1A774CB100D9CC42 /* AppDelegate.swift */; };
		28FEC3E01A774CB100D9CC42 /* ViewController.swift in Sources */ = {isa = PBXBuildFile; fileRef = 28FEC3DF1A774CB100D9CC42 /* ViewController.swift */; };
		28FEC3E31A774CB100D9CC42 /* Main.storyboard in Resources */ = {isa = PBXBuildFile; fileRef = 28FEC3E11A774CB100D9CC42 /* Main.storyboard */; };
		28FEC3E51A774CB100D9CC42 /* Images.xcassets in Resources */ = {isa = PBXBuildFile; fileRef = 28FEC3E41A774CB100D9CC42 /* Images.xcassets */; };
		28FEC3E81A774CB100D9CC42 /* LaunchScreen.xib in Resources */ = {isa = PBXBuildFile; fileRef = 28FEC3E61A774CB100D9CC42 /* LaunchScreen.xib */; };
		28FEC3F41A774CB100D9CC42 /* CarPoolRTests.swift in Sources */ = {isa = PBXBuildFile; fileRef = 28FEC3F31A774CB100D9CC42 /* CarPoolRTests.swift */; };
/* End PBXBuildFile section */

/* Begin PBXContainerItemProxy section */
		28FEC3EE1A774CB100D9CC42 /* PBXContainerItemProxy */ = {
			isa = PBXContainerItemProxy;
			containerPortal = 28FEC3D01A774CB100D9CC42 /* Project object */;
			proxyType = 1;
			remoteGlobalIDString = 28FEC3D71A774CB100D9CC42;
			remoteInfo = CarPoolR;
		};
/* End PBXContainerItemProxy section */

/* Begin PBXFileReference section */
		285CE1021A775C64006D2518 /* CarPoolR.gif */ = {isa = PBXFileReference; lastKnownFileType = image.gif; name = CarPoolR.gif; path = CarPoolR/CarPoolR.gif; sourceTree = "<group>"; };
		28FEC3D81A774CB100D9CC42 /* CarPoolR.app */ = {isa = PBXFileReference; explicitFileType = wrapper.application; includeInIndex = 0; path = CarPoolR.app; sourceTree = BUILT_PRODUCTS_DIR; };
		28FEC3DC1A774CB100D9CC42 /* Info.plist */ = {isa = PBXFileReference; lastKnownFileType = text.plist.xml; path = Info.plist; sourceTree = "<group>"; };
		28FEC3DD1A774CB100D9CC42 /* AppDelegate.swift */ = {isa = PBXFileReference; lastKnownFileType = sourcecode.swift; path = AppDelegate.swift; sourceTree = "<group>"; };
		28FEC3DF1A774CB100D9CC42 /* ViewController.swift */ = {isa = PBXFileReference; lastKnownFileType = sourcecode.swift; path = ViewController.swift; sourceTree = "<group>"; };
		28FEC3E21A774CB100D9CC42 /* Base */ = {isa = PBXFileReference; lastKnownFileType = file.storyboard; name = Base; path = Base.lproj/Main.storyboard; sourceTree = "<group>"; };
		28FEC3E41A774CB100D9CC42 /* Images.xcassets */ = {isa = PBXFileReference; lastKnownFileType = folder.assetcatalog; path = Images.xcassets; sourceTree = "<group>"; };
		28FEC3E71A774CB100D9CC42 /* Base */ = {isa = PBXFileReference; lastKnownFileType = file.xib; name = Base; path = Base.lproj/LaunchScreen.xib; sourceTree = "<group>"; };
		28FEC3ED1A774CB100D9CC42 /* CarPoolRTests.xctest */ = {isa = PBXFileReference; explicitFileType = wrapper.cfbundle; includeInIndex = 0; path = CarPoolRTests.xctest; sourceTree = BUILT_PRODUCTS_DIR; };
		28FEC3F21A774CB100D9CC42 /* Info.plist */ = {isa = PBXFileReference; lastKnownFileType = text.plist.xml; path = Info.plist; sourceTree = "<group>"; };
		28FEC3F31A774CB100D9CC42 /* CarPoolRTests.swift */ = {isa = PBXFileReference; lastKnownFileType = sourcecode.swift; path = CarPoolRTests.swift; sourceTree = "<group>"; };
/* End PBXFileReference section */

/* Begin PBXFrameworksBuildPhase section */
		28FEC3D51A774CB100D9CC42 /* Frameworks */ = {
			isa = PBXFrameworksBuildPhase;
			buildActionMask = 2147483647;
			files = (
			);
			runOnlyForDeploymentPostprocessing = 0;
		};
		28FEC3EA1A774CB100D9CC42 /* Frameworks */ = {
			isa = PBXFrameworksBuildPhase;
			buildActionMask = 2147483647;
			files = (
			);
			runOnlyForDeploymentPostprocessing = 0;
		};
/* End PBXFrameworksBuildPhase section */

/* Begin PBXGroup section */
		28FEC3CF1A774CB100D9CC42 = {
			isa = PBXGroup;
			children = (
				285CE1021A775C64006D2518 /* CarPoolR.gif */,
				28FEC3DA1A774CB100D9CC42 /* CarPoolR */,
				28FEC3F01A774CB100D9CC42 /* CarPoolRTests */,
				28FEC3D91A774CB100D9CC42 /* Products */,
			);
			sourceTree = "<group>";
		};
		28FEC3D91A774CB100D9CC42 /* Products */ = {
			isa = PBXGroup;
			children = (
				28FEC3D81A774CB100D9CC42 /* CarPoolR.app */,
				28FEC3ED1A774CB100D9CC42 /* CarPoolRTests.xctest */,
			);
			name = Products;
			sourceTree = "<group>";
		};
		28FEC3DA1A774CB100D9CC42 /* CarPoolR */ = {
			isa = PBXGroup;
			children = (
				28FEC3DD1A774CB100D9CC42 /* AppDelegate.swift */,
				28FEC3DF1A774CB100D9CC42 /* ViewController.swift */,
				28FEC3E11A774CB100D9CC42 /* Main.storyboard */,
				28FEC3E41A774CB100D9CC42 /* Images.xcassets */,
				28FEC3E61A774CB100D9CC42 /* LaunchScreen.xib */,
				28FEC3DB1A774CB100D9CC42 /* Supporting Files */,
			);
			path = CarPoolR;
			sourceTree = "<group>";
		};
		28FEC3DB1A774CB100D9CC42 /* Supporting Files */ = {
			isa = PBXGroup;
			children = (
				28FEC3DC1A774CB100D9CC42 /* Info.plist */,
			);
			name = "Supporting Files";
			sourceTree = "<group>";
		};
		28FEC3F01A774CB100D9CC42 /* CarPoolRTests */ = {
			isa = PBXGroup;
			children = (
				28FEC3F31A774CB100D9CC42 /* CarPoolRTests.swift */,
				28FEC3F11A774CB100D9CC42 /* Supporting Files */,
			);
			path = CarPoolRTests;
			sourceTree = "<group>";
		};
		28FEC3F11A774CB100D9CC42 /* Supporting Files */ = {
			isa = PBXGroup;
			children = (
				28FEC3F21A774CB100D9CC42 /* Info.plist */,
			);
			name = "Supporting Files";
			sourceTree = "<group>";
		};
/* End PBXGroup section */

/* Begin PBXNativeTarget section */
		28FEC3D71A774CB100D9CC42 /* CarPoolR */ = {
			isa = PBXNativeTarget;
			buildConfigurationList = 28FEC3F71A774CB100D9CC42 /* Build configuration list for PBXNativeTarget "CarPoolR" */;
			buildPhases = (
				28FEC3D41A774CB100D9CC42 /* Sources */,
				28FEC3D51A774CB100D9CC42 /* Frameworks */,
				28FEC3D61A774CB100D9CC42 /* Resources */,
			);
			buildRules = (
			);
			dependencies = (
			);
			name = CarPoolR;
			productName = CarPoolR;
			productReference = 28FEC3D81A774CB100D9CC42 /* CarPoolR.app */;
			productType = "com.apple.product-type.application";
		};
		28FEC3EC1A774CB100D9CC42 /* CarPoolRTests */ = {
			isa = PBXNativeTarget;
			buildConfigurationList = 28FEC3FA1A774CB100D9CC42 /* Build configuration list for PBXNativeTarget "CarPoolRTests" */;
			buildPhases = (
				28FEC3E91A774CB100D9CC42 /* Sources */,
				28FEC3EA1A774CB100D9CC42 /* Frameworks */,
				28FEC3EB1A774CB100D9CC42 /* Resources */,
			);
			buildRules = (
			);
			dependencies = (
				28FEC3EF1A774CB100D9CC42 /* PBXTargetDependency */,
			);
			name = CarPoolRTests;
			productName = CarPoolRTests;
			productReference = 28FEC3ED1A774CB100D9CC42 /* CarPoolRTests.xctest */;
			productType = "com.apple.product-type.bundle.unit-test";
		};
/* End PBXNativeTarget section */

/* Begin PBXProject section */
		28FEC3D01A774CB100D9CC42 /* Project object */ = {
			isa = PBXProject;
			attributes = {
				LastUpgradeCheck = 0610;
				ORGANIZATIONNAME = "Francis Phan";
				TargetAttributes = {
					28FEC3D71A774CB100D9CC42 = {
						CreatedOnToolsVersion = 6.1.1;
					};
					28FEC3EC1A774CB100D9CC42 = {
						CreatedOnToolsVersion = 6.1.1;
						TestTargetID = 28FEC3D71A774CB100D9CC42;
					};
				};
			};
			buildConfigurationList = 28FEC3D31A774CB100D9CC42 /* Build configuration list for PBXProject "CarPoolR" */;
			compatibilityVersion = "Xcode 3.2";
			developmentRegion = English;
			hasScannedForEncodings = 0;
			knownRegions = (
				en,
				Base,
			);
			mainGroup = 28FEC3CF1A774CB100D9CC42;
			productRefGroup = 28FEC3D91A774CB100D9CC42 /* Products */;
			projectDirPath = "";
			projectRoot = "";
			targets = (
				28FEC3D71A774CB100D9CC42 /* CarPoolR */,
				28FEC3EC1A774CB100D9CC42 /* CarPoolRTests */,
			);
		};
/* End PBXProject section */

/* Begin PBXResourcesBuildPhase section */
		28FEC3D61A774CB100D9CC42 /* Resources */ = {
			isa = PBXResourcesBuildPhase;
			buildActionMask = 2147483647;
			files = (
				28FEC3E31A774CB100D9CC42 /* Main.storyboard in Resources */,
				28FEC3E81A774CB100D9CC42 /* LaunchScreen.xib in Resources */,
				285CE1031A775C64006D2518 /* CarPoolR.gif in Resources */,
				28FEC3E51A774CB100D9CC42 /* Images.xcassets in Resources */,
			);
			runOnlyForDeploymentPostprocessing = 0;
		};
		28FEC3EB1A774CB100D9CC42 /* Resources */ = {
			isa = PBXResourcesBuildPhase;
			buildActionMask = 2147483647;
			files = (
			);
			runOnlyForDeploymentPostprocessing = 0;
		};
/* End PBXResourcesBuildPhase section */

/* Begin PBXSourcesBuildPhase section */
		28FEC3D41A774CB100D9CC42 /* Sources */ = {
			isa = PBXSourcesBuildPhase;
			buildActionMask = 2147483647;
			files = (
				28FEC3E01A774CB100D9CC42 /* ViewController.swift in Sources */,
				28FEC3DE1A774CB100D9CC42 /* AppDelegate.swift in Sources */,
			);
			runOnlyForDeploymentPostprocessing = 0;
		};
		28FEC3E91A774CB100D9CC42 /* Sources */ = {
			isa = PBXSourcesBuildPhase;
			buildActionMask = 2147483647;
			files = (
				28FEC3F41A774CB100D9CC42 /* CarPoolRTests.swift in Sources */,
			);
			runOnlyForDeploymentPostprocessing = 0;
		};
/* End PBXSourcesBuildPhase section */

/* Begin PBXTargetDependency section */
		28FEC3EF1A774CB100D9CC42 /* PBXTargetDependency */ = {
			isa = PBXTargetDependency;
			target = 28FEC3D71A774CB100D9CC42 /* CarPoolR */;
			targetProxy = 28FEC3EE1A774CB100D9CC42 /* PBXContainerItemProxy */;
		};
/* End PBXTargetDependency section */

/* Begin PBXVariantGroup section */
		28FEC3E11A774CB100D9CC42 /* Main.storyboard */ = {
			isa = PBXVariantGroup;
			children = (
				28FEC3E21A774CB100D9CC42 /* Base */,
			);
			name = Main.storyboard;
			sourceTree = "<group>";
		};
		28FEC3E61A774CB100D9CC42 /* LaunchScreen.xib */ = {
			isa = PBXVariantGroup;
			children = (
				28FEC3E71A774CB100D9CC42 /* Base */,
			);
			name = LaunchScreen.xib;
			sourceTree = "<group>";
		};
/* End PBXVariantGroup section */

/* Begin XCBuildConfiguration section */
		28FEC3F51A774CB100D9CC42 /* Debug */ = {
			isa = XCBuildConfiguration;
			buildSettings = {
				ALWAYS_SEARCH_USER_PATHS = NO;
				CLANG_CXX_LANGUAGE_STANDARD = "gnu++0x";
				CLANG_CXX_LIBRARY = "libc++";
				CLANG_ENABLE_MODULES = YES;
				CLANG_ENABLE_OBJC_ARC = YES;
				CLANG_WARN_BOOL_CONVERSION = YES;
				CLANG_WARN_CONSTANT_CONVERSION = YES;
				CLANG_WARN_DIRECT_OBJC_ISA_USAGE = YES_ERROR;
				CLANG_WARN_EMPTY_BODY = YES;
				CLANG_WARN_ENUM_CONVERSION = YES;
				CLANG_WARN_INT_CONVERSION = YES;
				CLANG_WARN_OBJC_ROOT_CLASS = YES_ERROR;
				CLANG_WARN_UNREACHABLE_CODE = YES;
				CLANG_WARN__DUPLICATE_METHOD_MATCH = YES;
				"CODE_SIGN_IDENTITY[sdk=iphoneos*]" = "iPhone Developer";
				COPY_PHASE_STRIP = NO;
				ENABLE_STRICT_OBJC_MSGSEND = YES;
				GCC_C_LANGUAGE_STANDARD = gnu99;
				GCC_DYNAMIC_NO_PIC = NO;
				GCC_OPTIMIZATION_LEVEL = 0;
				GCC_PREPROCESSOR_DEFINITIONS = (
					"DEBUG=1",
					"$(inherited)",
				);
				GCC_SYMBOLS_PRIVATE_EXTERN = NO;
				GCC_WARN_64_TO_32_BIT_CONVERSION = YES;
				GCC_WARN_ABOUT_RETURN_TYPE = YES_ERROR;
				GCC_WARN_UNDECLARED_SELECTOR = YES;
				GCC_WARN_UNINITIALIZED_AUTOS = YES_AGGRESSIVE;
				GCC_WARN_UNUSED_FUNCTION = YES;
				GCC_WARN_UNUSED_VARIABLE = YES;
				IPHONEOS_DEPLOYMENT_TARGET = 8.1;
				MTL_ENABLE_DEBUG_INFO = YES;
				ONLY_ACTIVE_ARCH = YES;
				SDKROOT = iphoneos;
				SWIFT_OPTIMIZATION_LEVEL = "-Onone";
			};
			name = Debug;
		};
		28FEC3F61A774CB100D9CC42 /* Release */ = {
			isa = XCBuildConfiguration;
			buildSettings = {
				ALWAYS_SEARCH_USER_PATHS = NO;
				CLANG_CXX_LANGUAGE_STANDARD = "gnu++0x";
				CLANG_CXX_LIBRARY = "libc++";
				CLANG_ENABLE_MODULES = YES;
				CLANG_ENABLE_OBJC_ARC = YES;
				CLANG_WARN_BOOL_CONVERSION = YES;
				CLANG_WARN_CONSTANT_CONVERSION = YES;
				CLANG_WARN_DIRECT_OBJC_ISA_USAGE = YES_ERROR;
				CLANG_WARN_EMPTY_BODY = YES;
				CLANG_WARN_ENUM_CONVERSION = YES;
				CLANG_WARN_INT_CONVERSION = YES;
				CLANG_WARN_OBJC_ROOT_CLASS = YES_ERROR;
				CLANG_WARN_UNREACHABLE_CODE = YES;
				CLANG_WARN__DUPLICATE_METHOD_MATCH = YES;
				"CODE_SIGN_IDENTITY[sdk=iphoneos*]" = "iPhone Developer";
				COPY_PHASE_STRIP = YES;
				ENABLE_NS_ASSERTIONS = NO;
				ENABLE_STRICT_OBJC_MSGSEND = YES;
				GCC_C_LANGUAGE_STANDARD = gnu99;
				GCC_WARN_64_TO_32_BIT_CONVERSION = YES;
				GCC_WARN_ABOUT_RETURN_TYPE = YES_ERROR;
				GCC_WARN_UNDECLARED_SELECTOR = YES;
				GCC_WARN_UNINITIALIZED_AUTOS = YES_AGGRESSIVE;
				GCC_WARN_UNUSED_FUNCTION = YES;
				GCC_WARN_UNUSED_VARIABLE = YES;
				IPHONEOS_DEPLOYMENT_TARGET = 8.1;
				MTL_ENABLE_DEBUG_INFO = NO;
				SDKROOT = iphoneos;
				VALIDATE_PRODUCT = YES;
			};
			name = Release;
		};
		28FEC3F81A774CB100D9CC42 /* Debug */ = {
			isa = XCBuildConfiguration;
			buildSettings = {
				ASSETCATALOG_COMPILER_APPICON_NAME = AppIcon;
				INFOPLIST_FILE = CarPoolR/Info.plist;
				LD_RUNPATH_SEARCH_PATHS = "$(inherited) @executable_path/Frameworks";
				PRODUCT_NAME = "$(TARGET_NAME)";
			};
			name = Debug;
		};
		28FEC3F91A774CB100D9CC42 /* Release */ = {
			isa = XCBuildConfiguration;
			buildSettings = {
				ASSETCATALOG_COMPILER_APPICON_NAME = AppIcon;
				INFOPLIST_FILE = CarPoolR/Info.plist;
				LD_RUNPATH_SEARCH_PATHS = "$(inherited) @executable_path/Frameworks";
				PRODUCT_NAME = "$(TARGET_NAME)";
			};
			name = Release;
		};
		28FEC3FB1A774CB100D9CC42 /* Debug */ = {
			isa = XCBuildConfiguration;
			buildSettings = {
				BUNDLE_LOADER = "$(TEST_HOST)";
				FRAMEWORK_SEARCH_PATHS = (
					"$(SDKROOT)/Developer/Library/Frameworks",
					"$(inherited)",
				);
				GCC_PREPROCESSOR_DEFINITIONS = (
					"DEBUG=1",
					"$(inherited)",
				);
				INFOPLIST_FILE = CarPoolRTests/Info.plist;
				LD_RUNPATH_SEARCH_PATHS = "$(inherited) @executable_path/Frameworks @loader_path/Frameworks";
				PRODUCT_NAME = "$(TARGET_NAME)";
				TEST_HOST = "$(BUILT_PRODUCTS_DIR)/CarPoolR.app/CarPoolR";
			};
			name = Debug;
		};
		28FEC3FC1A774CB100D9CC42 /* Release */ = {
			isa = XCBuildConfiguration;
			buildSettings = {
				BUNDLE_LOADER = "$(TEST_HOST)";
				FRAMEWORK_SEARCH_PATHS = (
					"$(SDKROOT)/Developer/Library/Frameworks",
					"$(inherited)",
				);
				INFOPLIST_FILE = CarPoolRTests/Info.plist;
				LD_RUNPATH_SEARCH_PATHS = "$(inherited) @executable_path/Frameworks @loader_path/Frameworks";
				PRODUCT_NAME = "$(TARGET_NAME)";
				TEST_HOST = "$(BUILT_PRODUCTS_DIR)/CarPoolR.app/CarPoolR";
			};
			name = Release;
		};
/* End XCBuildConfiguration section */

/* Begin XCConfigurationList section */
		28FEC3D31A774CB100D9CC42 /* Build configuration list for PBXProject "CarPoolR" */ = {
			isa = XCConfigurationList;
			buildConfigurations = (
				28FEC3F51A774CB100D9CC42 /* Debug */,
				28FEC3F61A774CB100D9CC42 /* Release */,
			);
			defaultConfigurationIsVisible = 0;
			defaultConfigurationName = Release;
		};
		28FEC3F71A774CB100D9CC42 /* Build configuration list for PBXNativeTarget "CarPoolR" */ = {
			isa = XCConfigurationList;
			buildConfigurations = (
				28FEC3F81A774CB100D9CC42 /* Debug */,
				28FEC3F91A774CB100D9CC42 /* Release */,
			);
			defaultConfigurationIsVisible = 0;
			defaultConfigurationName = Release;
		};
		28FEC3FA1A774CB100D9CC42 /* Build configuration list for PBXNativeTarget "CarPoolRTests" */ = {
			isa = XCConfigurationList;
			buildConfigurations = (
				28FEC3FB1A774CB100D9CC42 /* Debug */,
				28FEC3FC1A774CB100D9CC42 /* Release */,
			);
			defaultConfigurationIsVisible = 0;
			defaultConfigurationName = Release;
		};
/* End XCConfigurationList section */
	};
	rootObject = 28FEC3D01A774CB100D9CC42 /* Project object */;
}
